
Microsoft Visual Studio Solution File, Format Version 12.00
# Visual Studio Version 17
VisualStudioVersion = 17.14.36414.22 d17.14
MinimumVisualStudioVersion = 10.0.40219.1
Project("{FAE04EC0-301F-11D3-BF4B-00C04F79EFBC}") = "Ludo2", "Ludo2.csproj", "{9B3B4088-0C52-45B1-92B4-B5D4ED2978BF}"
EndProject
Global
	GlobalSection(SolutionConfigurationPlatforms) = preSolution
		Debug|Any CPU = Debug|Any CPU
		Release|Any CPU = Release|Any CPU
	EndGlobalSection
	GlobalSection(ProjectConfigurationPlatforms) = postSolution
		{9B3B4088-0C52-45B1-92B4-B5D4ED2978BF}.Debug|Any CPU.ActiveCfg = Debug|Any CPU
		{9B3B4088-0C52-45B1-92B4-B5D4ED2978BF}.Debug|Any CPU.Build.0 = Debug|Any CPU
		{9B3B4088-0C52-45B1-92B4-B5D4ED2978BF}.Release|Any CPU.ActiveCfg = Release|Any CPU
		{9B3B4088-0C52-45B1-92B4-B5D4ED2978BF}.Release|Any CPU.Build.0 = Release|Any CPU
	EndGlobalSection
	GlobalSection(SolutionProperties) = preSolution
		HideSolutionNode = FALSE
	EndGlobalSection
	GlobalSection(ExtensibilityGlobals) = postSolution
		SolutionGuid = {8FE813DD-07A8-45E7-9614-11110C42A0DB}
	EndGlobalSection
EndGlobal
